
Microsoft Visual Studio Solution File, Format Version 15.00
# Visual Studio 2017
Project("{FAE04EC0-301F-11D3-BF4B-00C04F79EFBC}") = "Local-Search", "Local-Search.csproj", "{3923D813-0308-4029-83C6-97D56FBC665A}"
EndProject
Global
	GlobalSection(SolutionConfigurationPlatforms) = preSolution
		Debug|Any CPU = Debug|Any CPU
		Release|Any CPU = Release|Any CPU
	EndGlobalSection
	GlobalSection(ProjectConfigurationPlatforms) = postSolution
		{3923D813-0308-4029-83C6-97D56FBC665A}.Debug|Any CPU.ActiveCfg = Debug|Any CPU
		{3923D813-0308-4029-83C6-97D56FBC665A}.Debug|Any CPU.Build.0 = Debug|Any CPU
		{3923D813-0308-4029-83C6-97D56FBC665A}.Release|Any CPU.ActiveCfg = Release|Any CPU
		{3923D813-0308-4029-83C6-97D56FBC665A}.Release|Any CPU.Build.0 = Release|Any CPU
	EndGlobalSection
EndGlobal
